
Microsoft Visual Studio Solution File, Format Version 12.00
# Visual Studio Version 16
VisualStudioVersion = 16.0.29306.81
MinimumVisualStudioVersion = 10.0.40219.1
Project("{FAE04EC0-301F-11D3-BF4B-00C04F79EFBC}") = "Dasha OOP 4.1", "Dasha OOP 4.1\Dasha OOP 4.1.csproj", "{148F8707-81E1-40CE-9943-34793FAA80D5}"
EndProject
Project("{FAE04EC0-301F-11D3-BF4B-00C04F79EFBC}") = "UnitTestProject1", "UnitTestProject1\UnitTestProject1.csproj", "{3F071660-29BF-4E2D-9305-4767E0F1A76D}"
EndProject
Global
	GlobalSection(SolutionConfigurationPlatforms) = preSolution
		Debug|Any CPU = Debug|Any CPU
		Release|Any CPU = Release|Any CPU
	EndGlobalSection
	GlobalSection(ProjectConfigurationPlatforms) = postSolution
		{148F8707-81E1-40CE-9943-34793FAA80D5}.Debug|Any CPU.ActiveCfg = Debug|Any CPU
		{148F8707-81E1-40CE-9943-34793FAA80D5}.Debug|Any CPU.Build.0 = Debug|Any CPU
		{148F8707-81E1-40CE-9943-34793FAA80D5}.Release|Any CPU.ActiveCfg = Release|Any CPU
		{148F8707-81E1-40CE-9943-34793FAA80D5}.Release|Any CPU.Build.0 = Release|Any CPU
		{3F071660-29BF-4E2D-9305-4767E0F1A76D}.Debug|Any CPU.ActiveCfg = Debug|Any CPU
		{3F071660-29BF-4E2D-9305-4767E0F1A76D}.Debug|Any CPU.Build.0 = Debug|Any CPU
		{3F071660-29BF-4E2D-9305-4767E0F1A76D}.Release|Any CPU.ActiveCfg = Release|Any CPU
		{3F071660-29BF-4E2D-9305-4767E0F1A76D}.Release|Any CPU.Build.0 = Release|Any CPU
	EndGlobalSection
	GlobalSection(SolutionProperties) = preSolution
		HideSolutionNode = FALSE
	EndGlobalSection
	GlobalSection(ExtensibilityGlobals) = postSolution
		SolutionGuid = {BEA1657D-B772-484A-BD67-2CBC05C47737}
	EndGlobalSection
EndGlobal
